<?xml version="1.0" encoding="utf-8"?>
<Project ToolsVersion="4.0" xmlns="http://schemas.microsoft.com/developer/msbuild/2003">
  <ItemGroup>
    <ClCompile Include="source\TestSimpleParser.cpp" />
    <ClCompile Include="source\UnitTest.cpp" />
    <ClCompile Include="source\TestQueryPreProcessor.cpp" />
  </ItemGroup>
  <ItemGroup>
    <ClInclude Include="source\TestSimpleParser.h" />
    <ClInclude Include="source\TestQueryPreProcessor.h" />
  </ItemGroup>
</Project>