<?xml version="1.0" encoding="utf-8"?>
<Project ToolsVersion="4.0" xmlns="http://schemas.microsoft.com/developer/msbuild/2003">
  <ItemGroup>
    <ClCompile Include="..\source\AST.cpp" />
    <ClCompile Include="..\source\DesignExtractor.cpp" />
    <ClCompile Include="..\source\Follows.cpp" />
    <ClCompile Include="..\source\Helpers.cpp" />
    <ClCompile Include="..\source\Parent.cpp" />
    <ClCompile Include="..\source\Parser.cpp" />
    <ClCompile Include="..\source\ParsingErrorException.cpp" />
    <ClCompile Include="..\source\PKB.cpp" />
    <ClCompile Include="..\source\PQLAttributeNode.cpp" />
    <ClCompile Include="..\source\PQLEvaluator.cpp" />
    <ClCompile Include="..\source\PQLPreProcessor.cpp" />
    <ClCompile Include="..\source\PQLRelationshipNode.cpp" />
    <ClCompile Include="..\source\PQLResultNode.cpp" />
    <ClCompile Include="..\source\PQLSpecialNode.cpp" />
    <ClCompile Include="..\source\ProcTable.cpp" />
    <ClCompile Include="..\source\QueryTreeNode.cpp" />
    <ClCompile Include="..\source\QueryTreeRoot.cpp" />
    <ClCompile Include="..\source\SimpleParser.cpp" />
    <ClCompile Include="..\source\TNode.cpp" />
    <ClCompile Include="..\source\VarTable.cpp" />
    <ClCompile Include="..\source\StmtTable.cpp" />
  </ItemGroup>
  <ItemGroup>
    <ClInclude Include="..\source\AST.h" />
    <ClInclude Include="..\source\DesignExtractor.h" />
    <ClInclude Include="..\source\Follows.h" />
    <ClInclude Include="..\source\Helpers.h" />
    <ClInclude Include="..\source\Parent.h" />
    <ClInclude Include="..\source\Parser.h" />
    <ClInclude Include="..\source\ParsingErrorException.h" />
    <ClInclude Include="..\source\PKB.h" />
    <ClInclude Include="..\source\PQLAttributeNode.h" />
    <ClInclude Include="..\source\PQLEvaluator.h" />
    <ClInclude Include="..\source\PQLPreProcessor.h" />
    <ClInclude Include="..\source\PQLRelationshipNode.h" />
    <ClInclude Include="..\source\PQLResultNode.h" />
    <ClInclude Include="..\source\PQLSpecialNode.h" />
    <ClInclude Include="..\source\ProcTable.h" />
    <ClInclude Include="..\source\QueryTreeNode.h" />
    <ClInclude Include="..\source\QueryTreeRoot.h" />
    <ClInclude Include="..\source\SimpleParser.h" />
    <ClInclude Include="..\source\TNode.h" />
    <ClInclude Include="..\source\VarTable.h" />
    <ClInclude Include="..\source\StmtTable.h" />
  </ItemGroup>
</Project>