<?xml version="1.0" encoding="utf-8"?>
<Project ToolsVersion="4.0" xmlns="http://schemas.microsoft.com/developer/msbuild/2003">
  <ItemGroup>
    <ClCompile Include="..\source\DesignExtractor.cpp" />
    <ClCompile Include="..\source\Parser.cpp" />
    <ClCompile Include="..\source\PKB.cpp" />
    <ClCompile Include="..\source\TNode.cpp" />
    <ClCompile Include="PQLAttributeNode.cpp" />
    <ClCompile Include="PQLEvaluator.cpp" />
    <ClCompile Include="PQLPreProcessor.cpp" />
    <ClCompile Include="PQLRelationshipNode.cpp" />
    <ClCompile Include="PQLResultNode.cpp" />
    <ClCompile Include="PQLSpecialNode.cpp" />
    <ClCompile Include="QueryTreeRoot.cpp" />
  </ItemGroup>
  <ItemGroup>
    <ClInclude Include="..\source\PKB.h" />
    <ClInclude Include="..\source\TNode.h" />
    <ClInclude Include="PQLAttributeNode.h" />
    <ClInclude Include="PQLEvaluator.h" />
    <ClInclude Include="PQLPreProcessor.h" />
    <ClInclude Include="PQLRelationshipNode.h" />
    <ClInclude Include="PQLSpecialNode.h" />
    <ClInclude Include="QueryTreeRoot.h" />
    <ClInclude Include="PQLResultNode.h" />
  </ItemGroup>
</Project>